
Microsoft Visual Studio Solution File, Format Version 12.00
# Visual Studio Version 17
VisualStudioVersion = 17.7.34031.279
MinimumVisualStudioVersion = 10.0.40219.1
Project("{2150E333-8FDC-42A3-9474-1A3956D46DE8}") = "src", "src", "{68B12FEE-B40D-4119-A1A9-731150F95757}"
EndProject
Project("{9A19103F-16F7-4668-BE54-9A1E7A4F7556}") = "Domain", "Domain\Domain.csproj", "{381A21F8-51EC-40A5-8810-2FDB8D31FF56}"
EndProject
Project("{9A19103F-16F7-4668-BE54-9A1E7A4F7556}") = "Application", "Application\Application.csproj", "{B48402B1-9152-4427-AE8A-1663CA7FB278}"
EndProject
Project("{FAE04EC0-301F-11D3-BF4B-00C04F79EFBC}") = "Infrastructure", "Infrastructure\Infrastructure.csproj", "{4CE29028-D31B-48FC-8578-311B265371BA}"
EndProject
Project("{FAE04EC0-301F-11D3-BF4B-00C04F79EFBC}") = "Presentation", "Presentation\Presentation.csproj", "{1D2D88E4-7ADA-4754-B83B-3B15418B719B}"
EndProject
Project("{FAE04EC0-301F-11D3-BF4B-00C04F79EFBC}") = "WebApi", "WebApi\WebApi.csproj", "{D0C0BB26-59FB-469A-8535-D45FE7B24C17}"
EndProject
Global
	GlobalSection(SolutionConfigurationPlatforms) = preSolution
		Debug|Any CPU = Debug|Any CPU
		Release|Any CPU = Release|Any CPU
	EndGlobalSection
	GlobalSection(ProjectConfigurationPlatforms) = postSolution
		{381A21F8-51EC-40A5-8810-2FDB8D31FF56}.Debug|Any CPU.ActiveCfg = Debug|Any CPU
		{381A21F8-51EC-40A5-8810-2FDB8D31FF56}.Debug|Any CPU.Build.0 = Debug|Any CPU
		{381A21F8-51EC-40A5-8810-2FDB8D31FF56}.Release|Any CPU.ActiveCfg = Release|Any CPU
		{381A21F8-51EC-40A5-8810-2FDB8D31FF56}.Release|Any CPU.Build.0 = Release|Any CPU
		{B48402B1-9152-4427-AE8A-1663CA7FB278}.Debug|Any CPU.ActiveCfg = Debug|Any CPU
		{B48402B1-9152-4427-AE8A-1663CA7FB278}.Debug|Any CPU.Build.0 = Debug|Any CPU
		{B48402B1-9152-4427-AE8A-1663CA7FB278}.Release|Any CPU.ActiveCfg = Release|Any CPU
		{B48402B1-9152-4427-AE8A-1663CA7FB278}.Release|Any CPU.Build.0 = Release|Any CPU
		{4CE29028-D31B-48FC-8578-311B265371BA}.Debug|Any CPU.ActiveCfg = Debug|Any CPU
		{4CE29028-D31B-48FC-8578-311B265371BA}.Debug|Any CPU.Build.0 = Debug|Any CPU
		{4CE29028-D31B-48FC-8578-311B265371BA}.Release|Any CPU.ActiveCfg = Release|Any CPU
		{4CE29028-D31B-48FC-8578-311B265371BA}.Release|Any CPU.Build.0 = Release|Any CPU
		{1D2D88E4-7ADA-4754-B83B-3B15418B719B}.Debug|Any CPU.ActiveCfg = Debug|Any CPU
		{1D2D88E4-7ADA-4754-B83B-3B15418B719B}.Debug|Any CPU.Build.0 = Debug|Any CPU
		{1D2D88E4-7ADA-4754-B83B-3B15418B719B}.Release|Any CPU.ActiveCfg = Release|Any CPU
		{1D2D88E4-7ADA-4754-B83B-3B15418B719B}.Release|Any CPU.Build.0 = Release|Any CPU
		{D0C0BB26-59FB-469A-8535-D45FE7B24C17}.Debug|Any CPU.ActiveCfg = Debug|Any CPU
		{D0C0BB26-59FB-469A-8535-D45FE7B24C17}.Debug|Any CPU.Build.0 = Debug|Any CPU
		{D0C0BB26-59FB-469A-8535-D45FE7B24C17}.Release|Any CPU.ActiveCfg = Release|Any CPU
		{D0C0BB26-59FB-469A-8535-D45FE7B24C17}.Release|Any CPU.Build.0 = Release|Any CPU
	EndGlobalSection
	GlobalSection(SolutionProperties) = preSolution
		HideSolutionNode = FALSE
	EndGlobalSection
	GlobalSection(NestedProjects) = preSolution
		{381A21F8-51EC-40A5-8810-2FDB8D31FF56} = {68B12FEE-B40D-4119-A1A9-731150F95757}
		{B48402B1-9152-4427-AE8A-1663CA7FB278} = {68B12FEE-B40D-4119-A1A9-731150F95757}
		{4CE29028-D31B-48FC-8578-311B265371BA} = {68B12FEE-B40D-4119-A1A9-731150F95757}
		{1D2D88E4-7ADA-4754-B83B-3B15418B719B} = {68B12FEE-B40D-4119-A1A9-731150F95757}
		{D0C0BB26-59FB-469A-8535-D45FE7B24C17} = {68B12FEE-B40D-4119-A1A9-731150F95757}
	EndGlobalSection
	GlobalSection(ExtensibilityGlobals) = postSolution
		SolutionGuid = {A43E98CE-E59B-4807-905E-722C66A0FA46}
	EndGlobalSection
EndGlobal
